# This file was autogenerated by Stack.
# You should not edit this file by hand.
# For more information, please see the documentation at:
#   https://docs.haskellstack.org/en/stable/lock_files

packages:
- completed:
    hackage: paths-0.2.0.0@sha256:b550399f0d1181a00221931255c48d72d6eaa8301056afcc9f96288c71aab664,2629
    pantry-tree:
      size: 732
      sha256: 775674b5c4b1431aa855b1966abbd59d64da87e8f05fb9bb0d782baca10a470d
  original:
    hackage: paths-0.2.0.0
snapshots:
- completed:
    size: 524804
    url: https://raw.githubusercontent.com/commercialhaskell/stackage-snapshots/master/lts/14/16.yaml
    sha256: 4d1519a4372d051d47a5eae2241cf3fb54e113d7475f89707ddb6ec06add2888
  original: lts-14.16
